<?xml version="1.0" encoding="utf-8"?>
<Project ToolsVersion="4.0" xmlns="http://schemas.microsoft.com/developer/msbuild/2003">
  <ItemGroup>
    <Filter Include="etc">
      <UniqueIdentifier>{1e4caf84-9c6b-4371-8a66-36d4d45a6c73}</UniqueIdentifier>
    </Filter>
    <Filter Include="src">
      <UniqueIdentifier>{42a22408-d6f7-4fdc-ace2-7a1105a9350c}</UniqueIdentifier>
    </Filter>
  </ItemGroup>
  <ItemGroup>
    <ClCompile Include="..\etc\bin2c.c">
      <Filter>etc</Filter>
    </ClCompile>
  </ItemGroup>
  <ItemGroup>
    <ResourceCompile Include="..\src\lua.rc">
      <Filter>src</Filter>
    </ResourceCompile>
  </ItemGroup>
</Project>