<?xml version="1.0" encoding="utf-8"?>
<Project ToolsVersion="4.0" xmlns="http://schemas.microsoft.com/developer/msbuild/2003">
  <ItemGroup>
    <Filter Include="src">
      <UniqueIdentifier>{206de19d-7fc9-49a9-b5d8-e3c6fd257473}</UniqueIdentifier>
    </Filter>
    <Filter Include="src\lua">
      <UniqueIdentifier>{982a0c28-80b0-44b1-99b4-07fe3ec23028}</UniqueIdentifier>
    </Filter>
  </ItemGroup>
  <ItemGroup>
    <ClCompile Include="..\src\lua\lua.c">
      <Filter>src\lua</Filter>
    </ClCompile>
  </ItemGroup>
  <ItemGroup>
    <ResourceCompile Include="..\src\lua.rc">
      <Filter>src</Filter>
    </ResourceCompile>
  </ItemGroup>
</Project>